
Microsoft Visual Studio Solution File, Format Version 12.00
# Visual Studio Version 17
VisualStudioVersion = 17.9.34728.123
MinimumVisualStudioVersion = 10.0.40219.1
Project("{FAE04EC0-301F-11D3-BF4B-00C04F79EFBC}") = "UiDesktopApp1", "UiDesktopApp1\UiDesktopApp1.csproj", "{2109D654-889C-495C-B78F-F07A15677A81}"
EndProject
Global
	GlobalSection(SolutionConfigurationPlatforms) = preSolution
		Debug|Any CPU = Debug|Any CPU
		Release|Any CPU = Release|Any CPU
	EndGlobalSection
	GlobalSection(ProjectConfigurationPlatforms) = postSolution
		{2109D654-889C-495C-B78F-F07A15677A81}.Debug|Any CPU.ActiveCfg = Debug|Any CPU
		{2109D654-889C-495C-B78F-F07A15677A81}.Debug|Any CPU.Build.0 = Debug|Any CPU
		{2109D654-889C-495C-B78F-F07A15677A81}.Release|Any CPU.ActiveCfg = Release|Any CPU
		{2109D654-889C-495C-B78F-F07A15677A81}.Release|Any CPU.Build.0 = Release|Any CPU
	EndGlobalSection
	GlobalSection(SolutionProperties) = preSolution
		HideSolutionNode = FALSE
	EndGlobalSection
	GlobalSection(ExtensibilityGlobals) = postSolution
		SolutionGuid = {0F32763D-D9B7-4DEC-B3B5-3D939BBB2415}
	EndGlobalSection
EndGlobal
